
Microsoft Visual Studio Solution File, Format Version 12.00
# Visual Studio Version 17
VisualStudioVersion = 17.6.33815.320
MinimumVisualStudioVersion = 10.0.40219.1
Project("{FAE04EC0-301F-11D3-BF4B-00C04F79EFBC}") = "TKC_MDS", "TKC_MDS\TKC_MDS.csproj", "{CA43AD0F-098F-4167-96F9-64957BC68212}"
EndProject
Global
	GlobalSection(SolutionConfigurationPlatforms) = preSolution
		Debug|Any CPU = Debug|Any CPU
		Release|Any CPU = Release|Any CPU
	EndGlobalSection
	GlobalSection(ProjectConfigurationPlatforms) = postSolution
		{CA43AD0F-098F-4167-96F9-64957BC68212}.Debug|Any CPU.ActiveCfg = Debug|Any CPU
		{CA43AD0F-098F-4167-96F9-64957BC68212}.Debug|Any CPU.Build.0 = Debug|Any CPU
		{CA43AD0F-098F-4167-96F9-64957BC68212}.Release|Any CPU.ActiveCfg = Release|Any CPU
		{CA43AD0F-098F-4167-96F9-64957BC68212}.Release|Any CPU.Build.0 = Release|Any CPU
	EndGlobalSection
	GlobalSection(SolutionProperties) = preSolution
		HideSolutionNode = FALSE
	EndGlobalSection
	GlobalSection(ExtensibilityGlobals) = postSolution
		SolutionGuid = {8FE130C3-A14B-4B4D-B480-3A7D1991C651}
	EndGlobalSection
EndGlobal
